
Microsoft Visual Studio Solution File, Format Version 12.00
# Visual Studio Version 17
VisualStudioVersion = 17.5.002.0
MinimumVisualStudioVersion = 10.0.40219.1
Project("{9A19103F-16F7-4668-BE54-9A1E7A4F7556}") = "VariableData", "VariableData\VariableData.csproj", "{71F2688A-D085-4E04-86E0-27D0CF3591C4}"
EndProject
Global
	GlobalSection(SolutionConfigurationPlatforms) = preSolution
		Debug|Any CPU = Debug|Any CPU
		Release|Any CPU = Release|Any CPU
	EndGlobalSection
	GlobalSection(ProjectConfigurationPlatforms) = postSolution
		{71F2688A-D085-4E04-86E0-27D0CF3591C4}.Debug|Any CPU.ActiveCfg = Debug|Any CPU
		{71F2688A-D085-4E04-86E0-27D0CF3591C4}.Debug|Any CPU.Build.0 = Debug|Any CPU
		{71F2688A-D085-4E04-86E0-27D0CF3591C4}.Release|Any CPU.ActiveCfg = Release|Any CPU
		{71F2688A-D085-4E04-86E0-27D0CF3591C4}.Release|Any CPU.Build.0 = Release|Any CPU
	EndGlobalSection
	GlobalSection(SolutionProperties) = preSolution
		HideSolutionNode = FALSE
	EndGlobalSection
	GlobalSection(ExtensibilityGlobals) = postSolution
		SolutionGuid = {5190773B-6E5B-409B-9726-CA83926ED1C1}
	EndGlobalSection
EndGlobal
