
Microsoft Visual Studio Solution File, Format Version 12.00
# Visual Studio Version 17
VisualStudioVersion = 17.5.002.0
MinimumVisualStudioVersion = 10.0.40219.1
Project("{2150E333-8FDC-42A3-9474-1A3956D46DE8}") = "GuidedProject", "GuidedProject", "{C40FF11A-1520-4EC1-9492-30C9F7CC1D1F}"
EndProject
Project("{9A19103F-16F7-4668-BE54-9A1E7A4F7556}") = "Final", "GuidedProject\Final\Final.csproj", "{C33C4AF0-C4C6-4C8B-AB75-42EDE338BD30}"
EndProject
Project("{9A19103F-16F7-4668-BE54-9A1E7A4F7556}") = "Starter", "GuidedProject\Starter\Starter.csproj", "{57910267-ADC6-46A7-AD88-3CB1574C65D5}"
EndProject
Global
	GlobalSection(SolutionConfigurationPlatforms) = preSolution
		Debug|Any CPU = Debug|Any CPU
		Release|Any CPU = Release|Any CPU
	EndGlobalSection
	GlobalSection(ProjectConfigurationPlatforms) = postSolution
		{C33C4AF0-C4C6-4C8B-AB75-42EDE338BD30}.Debug|Any CPU.ActiveCfg = Debug|Any CPU
		{C33C4AF0-C4C6-4C8B-AB75-42EDE338BD30}.Debug|Any CPU.Build.0 = Debug|Any CPU
		{C33C4AF0-C4C6-4C8B-AB75-42EDE338BD30}.Release|Any CPU.ActiveCfg = Release|Any CPU
		{C33C4AF0-C4C6-4C8B-AB75-42EDE338BD30}.Release|Any CPU.Build.0 = Release|Any CPU
		{57910267-ADC6-46A7-AD88-3CB1574C65D5}.Debug|Any CPU.ActiveCfg = Debug|Any CPU
		{57910267-ADC6-46A7-AD88-3CB1574C65D5}.Debug|Any CPU.Build.0 = Debug|Any CPU
		{57910267-ADC6-46A7-AD88-3CB1574C65D5}.Release|Any CPU.ActiveCfg = Release|Any CPU
		{57910267-ADC6-46A7-AD88-3CB1574C65D5}.Release|Any CPU.Build.0 = Release|Any CPU
	EndGlobalSection
	GlobalSection(SolutionProperties) = preSolution
		HideSolutionNode = FALSE
	EndGlobalSection
	GlobalSection(NestedProjects) = preSolution
		{C33C4AF0-C4C6-4C8B-AB75-42EDE338BD30} = {C40FF11A-1520-4EC1-9492-30C9F7CC1D1F}
		{57910267-ADC6-46A7-AD88-3CB1574C65D5} = {C40FF11A-1520-4EC1-9492-30C9F7CC1D1F}
	EndGlobalSection
	GlobalSection(ExtensibilityGlobals) = postSolution
		SolutionGuid = {BB3F36F9-F59A-41E5-B3DB-8D352429ECED}
	EndGlobalSection
EndGlobal
